{
  "name": "gatsby-plugin-sentry",
  "version": "0.2.0",
  "lockfileVersion": 1,
  "requires": true,
  "dependencies": {
    "@sentry/browser": {
      "version": "4.0.5",
      "resolved": "https://registry.npmjs.org/@sentry/browser/-/browser-4.0.5.tgz",
      "integrity": "sha512-9eMRWTSc8UWTCMp0WiNI4JyRav/7eHNo3oLnvR2VFnqNHwSQtFsVWcmUB2g7puGjyDTlTOh33DcIT7wIkorF0g==",
      "requires": {
        "@sentry/core": "4.0.5",
        "@sentry/types": "4.0.1",
        "@sentry/utils": "4.0.5",
        "md5": "2.2.1"
      }
    },
    "@sentry/core": {
      "version": "4.0.5",
      "resolved": "https://registry.npmjs.org/@sentry/core/-/core-4.0.5.tgz",
      "integrity": "sha512-oWkD30GHm2k6YtarbAbG/B3pL0lYklnN183qPtk9FHDdzt0wro1xUEN0wN20Zn+aTjSWfmEwvqUpRMHvqRA7UA==",
      "requires": {
        "@sentry/hub": "4.0.5",
        "@sentry/minimal": "4.0.5",
        "@sentry/types": "4.0.1",
        "@sentry/utils": "4.0.5"
      }
    },
    "@sentry/hub": {
      "version": "4.0.5",
      "resolved": "https://registry.npmjs.org/@sentry/hub/-/hub-4.0.5.tgz",
      "integrity": "sha512-xrCejHT9RcaLoyNc53la1/eJH03qpt5DkXk8UfyD3EmTm6vfLcF6u6KKDmjqVyBpkVdl2TwjyLnJI9VnaTNqnQ==",
      "requires": {
        "@sentry/types": "4.0.1",
        "@sentry/utils": "4.0.5"
      }
    },
    "@sentry/minimal": {
      "version": "4.0.5",
      "resolved": "https://registry.npmjs.org/@sentry/minimal/-/minimal-4.0.5.tgz",
      "integrity": "sha512-b4wxE4VpLbDxDln65pU9dWuDRBCNzxYnyWm1v2ZiKPzw2EZg3z5D+6odAw49Nfcml7fvRqqBVdSepWQPOOXhpw==",
      "requires": {
        "@sentry/hub": "4.0.5",
        "@sentry/types": "4.0.1"
      }
    },
    "@sentry/types": {
      "version": "4.0.1",
      "resolved": "https://registry.npmjs.org/@sentry/types/-/types-4.0.1.tgz",
      "integrity": "sha512-1Cq2gk/wZuBHB//HO830nykysHEsvZpjFcoIBHyqsJ7GjjcMxRAnO8ix0aw3hRfOsiPgD3mp8QomY9DqRHbjjA=="
    },
    "@sentry/utils": {
      "version": "4.0.5",
      "resolved": "https://registry.npmjs.org/@sentry/utils/-/utils-4.0.5.tgz",
      "integrity": "sha512-/1D/BDGbYQoXFjCCqMe5Z1MxGmw8jny9Q0XlnLbMrj7E3vLBmagXF8GPQkvFGIIoxjzTa4YyAUXoqeC5l/vQNw==",
      "requires": {
        "@sentry/types": "4.0.1"
      }
    },
    "charenc": {
      "version": "0.0.2",
      "resolved": "https://registry.npmjs.org/charenc/-/charenc-0.0.2.tgz",
      "integrity": "sha1-wKHS86cJLgN3S/qD8UwPxXkKhmc="
    },
    "crypt": {
      "version": "0.0.2",
      "resolved": "https://registry.npmjs.org/crypt/-/crypt-0.0.2.tgz",
      "integrity": "sha1-iNf/fsDfuG9xPch7u0LQRNPmxBs="
    },
    "is-buffer": {
      "version": "1.1.6",
      "resolved": "https://registry.npmjs.org/is-buffer/-/is-buffer-1.1.6.tgz",
      "integrity": "sha512-NcdALwpXkTm5Zvvbk7owOUSvVvBKDgKP5/ewfXEznmQFfs4ZRmanOeKBTjRVjka3QFoN6XJ+9F3USqfHqTaU5w=="
    },
    "md5": {
      "version": "2.2.1",
      "resolved": "https://registry.npmjs.org/md5/-/md5-2.2.1.tgz",
      "integrity": "sha1-U6s41f48iJG6RlMp6iP6wFQBJvk=",
      "requires": {
        "charenc": "~0.0.1",
        "crypt": "~0.0.1",
        "is-buffer": "~1.1.1"
      }
    }
  }
}
